// !$*UTF8*$!
{
	archiveVersion = 1;
	classes = {
	};
	objectVersion = 50;
	objects = {

/* Begin PBXBuildFile section */
		440A9A442201C4E80035F42E /* EarthQuakeTableViewCell.swift in Sources */ = {isa = PBXBuildFile; fileRef = 440A9A432201C4E80035F42E /* EarthQuakeTableViewCell.swift */; };
		44BD38F42201BCB6009F48D4 /* AppDelegate.swift in Sources */ = {isa = PBXBuildFile; fileRef = 44BD38F32201BCB6009F48D4 /* AppDelegate.swift */; };
		44BD38F92201BCB6009F48D4 /* Main.storyboard in Resources */ = {isa = PBXBuildFile; fileRef = 44BD38F72201BCB6009F48D4 /* Main.storyboard */; };
		44BD38FB2201BCB8009F48D4 /* Assets.xcassets in Resources */ = {isa = PBXBuildFile; fileRef = 44BD38FA2201BCB8009F48D4 /* Assets.xcassets */; };
		44BD38FE2201BCB8009F48D4 /* LaunchScreen.storyboard in Resources */ = {isa = PBXBuildFile; fileRef = 44BD38FC2201BCB8009F48D4 /* LaunchScreen.storyboard */; };
		44BD39062201BFB1009F48D4 /* ListaTableViewController.swift in Sources */ = {isa = PBXBuildFile; fileRef = 44BD39052201BFB1009F48D4 /* ListaTableViewController.swift */; };
		44BD39082201C154009F48D4 /* InfoEarthQuakeViewController.swift in Sources */ = {isa = PBXBuildFile; fileRef = 44BD39072201C154009F48D4 /* InfoEarthQuakeViewController.swift */; };
		F736E2EF9138D84D6B68DA17 /* Pods_GeoEarthQuake.framework in Frameworks */ = {isa = PBXBuildFile; fileRef = 8CD1B910A998E3BE85DFCB2F /* Pods_GeoEarthQuake.framework */; };
/* End PBXBuildFile section */

/* Begin PBXFileReference section */
		440A9A432201C4E80035F42E /* EarthQuakeTableViewCell.swift */ = {isa = PBXFileReference; lastKnownFileType = sourcecode.swift; path = EarthQuakeTableViewCell.swift; sourceTree = "<group>"; };
		44BD38F02201BCB6009F48D4 /* GeoEarthQuake.app */ = {isa = PBXFileReference; explicitFileType = wrapper.application; includeInIndex = 0; path = GeoEarthQuake.app; sourceTree = BUILT_PRODUCTS_DIR; };
		44BD38F32201BCB6009F48D4 /* AppDelegate.swift */ = {isa = PBXFileReference; lastKnownFileType = sourcecode.swift; path = AppDelegate.swift; sourceTree = "<group>"; };
		44BD38F82201BCB6009F48D4 /* Base */ = {isa = PBXFileReference; lastKnownFileType = file.storyboard; name = Base; path = Base.lproj/Main.storyboard; sourceTree = "<group>"; };
		44BD38FA2201BCB8009F48D4 /* Assets.xcassets */ = {isa = PBXFileReference; lastKnownFileType = folder.assetcatalog; path = Assets.xcassets; sourceTree = "<group>"; };
		44BD38FD2201BCB8009F48D4 /* Base */ = {isa = PBXFileReference; lastKnownFileType = file.storyboard; name = Base; path = Base.lproj/LaunchScreen.storyboard; sourceTree = "<group>"; };
		44BD38FF2201BCB8009F48D4 /* Info.plist */ = {isa = PBXFileReference; lastKnownFileType = text.plist.xml; path = Info.plist; sourceTree = "<group>"; };
		44BD39052201BFB1009F48D4 /* ListaTableViewController.swift */ = {isa = PBXFileReference; lastKnownFileType = sourcecode.swift; path = ListaTableViewController.swift; sourceTree = "<group>"; };
		44BD39072201C154009F48D4 /* InfoEarthQuakeViewController.swift */ = {isa = PBXFileReference; lastKnownFileType = sourcecode.swift; path = InfoEarthQuakeViewController.swift; sourceTree = "<group>"; };
		8CD1B910A998E3BE85DFCB2F /* Pods_GeoEarthQuake.framework */ = {isa = PBXFileReference; explicitFileType = wrapper.framework; includeInIndex = 0; path = Pods_GeoEarthQuake.framework; sourceTree = BUILT_PRODUCTS_DIR; };
		B50A1FBB047169A127220C69 /* Pods-GeoEarthQuake.debug.xcconfig */ = {isa = PBXFileReference; includeInIndex = 1; lastKnownFileType = text.xcconfig; name = "Pods-GeoEarthQuake.debug.xcconfig"; path = "Pods/Target Support Files/Pods-GeoEarthQuake/Pods-GeoEarthQuake.debug.xcconfig"; sourceTree = "<group>"; };
		EF62921BA6D1ADAA474FE8C9 /* Pods-GeoEarthQuake.release.xcconfig */ = {isa = PBXFileReference; includeInIndex = 1; lastKnownFileType = text.xcconfig; name = "Pods-GeoEarthQuake.release.xcconfig"; path = "Pods/Target Support Files/Pods-GeoEarthQuake/Pods-GeoEarthQuake.release.xcconfig"; sourceTree = "<group>"; };
/* End PBXFileReference section */

/* Begin PBXFrameworksBuildPhase section */
		44BD38ED2201BCB6009F48D4 /* Frameworks */ = {
			isa = PBXFrameworksBuildPhase;
			buildActionMask = 2147483647;
			files = (
				F736E2EF9138D84D6B68DA17 /* Pods_GeoEarthQuake.framework in Frameworks */,
			);
			runOnlyForDeploymentPostprocessing = 0;
		};
/* End PBXFrameworksBuildPhase section */

/* Begin PBXGroup section */
		10D5595F1815DD3A26640C0D /* Pods */ = {
			isa = PBXGroup;
			children = (
				B50A1FBB047169A127220C69 /* Pods-GeoEarthQuake.debug.xcconfig */,
				EF62921BA6D1ADAA474FE8C9 /* Pods-GeoEarthQuake.release.xcconfig */,
			);
			name = Pods;
			sourceTree = "<group>";
		};
		44BD38E72201BCB6009F48D4 = {
			isa = PBXGroup;
			children = (
				44BD38F22201BCB6009F48D4 /* GeoEarthQuake */,
				44BD38F12201BCB6009F48D4 /* Products */,
				10D5595F1815DD3A26640C0D /* Pods */,
				BCC158E931124CDFE80A753A /* Frameworks */,
			);
			sourceTree = "<group>";
		};
		44BD38F12201BCB6009F48D4 /* Products */ = {
			isa = PBXGroup;
			children = (
				44BD38F02201BCB6009F48D4 /* GeoEarthQuake.app */,
			);
			name = Products;
			sourceTree = "<group>";
		};
		44BD38F22201BCB6009F48D4 /* GeoEarthQuake */ = {
			isa = PBXGroup;
			children = (
				44BD38F32201BCB6009F48D4 /* AppDelegate.swift */,
				44BD38F72201BCB6009F48D4 /* Main.storyboard */,
				44BD39052201BFB1009F48D4 /* ListaTableViewController.swift */,
				44BD39072201C154009F48D4 /* InfoEarthQuakeViewController.swift */,
				440A9A432201C4E80035F42E /* EarthQuakeTableViewCell.swift */,
				44BD38FA2201BCB8009F48D4 /* Assets.xcassets */,
				44BD38FC2201BCB8009F48D4 /* LaunchScreen.storyboard */,
				44BD38FF2201BCB8009F48D4 /* Info.plist */,
			);
			path = GeoEarthQuake;
			sourceTree = "<group>";
		};
		BCC158E931124CDFE80A753A /* Frameworks */ = {
			isa = PBXGroup;
			children = (
				8CD1B910A998E3BE85DFCB2F /* Pods_GeoEarthQuake.framework */,
			);
			name = Frameworks;
			sourceTree = "<group>";
		};
/* End PBXGroup section */

/* Begin PBXNativeTarget section */
		44BD38EF2201BCB6009F48D4 /* GeoEarthQuake */ = {
			isa = PBXNativeTarget;
			buildConfigurationList = 44BD39022201BCB8009F48D4 /* Build configuration list for PBXNativeTarget "GeoEarthQuake" */;
			buildPhases = (
				CC5A57A8EFC09377AF2B39DF /* [CP] Check Pods Manifest.lock */,
				44BD38EC2201BCB6009F48D4 /* Sources */,
				44BD38ED2201BCB6009F48D4 /* Frameworks */,
				44BD38EE2201BCB6009F48D4 /* Resources */,
				6817D392B7182D099D606DE6 /* [CP] Embed Pods Frameworks */,
			);
			buildRules = (
			);
			dependencies = (
			);
			name = GeoEarthQuake;
			productName = GeoEarthQuake;
			productReference = 44BD38F02201BCB6009F48D4 /* GeoEarthQuake.app */;
			productType = "com.apple.product-type.application";
		};
/* End PBXNativeTarget section */

/* Begin PBXProject section */
		44BD38E82201BCB6009F48D4 /* Project object */ = {
			isa = PBXProject;
			attributes = {
				LastSwiftUpdateCheck = 1010;
				LastUpgradeCheck = 1010;
				ORGANIZATIONNAME = Imejpul;
				TargetAttributes = {
					44BD38EF2201BCB6009F48D4 = {
						CreatedOnToolsVersion = 10.1;
					};
				};
			};
			buildConfigurationList = 44BD38EB2201BCB6009F48D4 /* Build configuration list for PBXProject "GeoEarthQuake" */;
			compatibilityVersion = "Xcode 9.3";
			developmentRegion = en;
			hasScannedForEncodings = 0;
			knownRegions = (
				en,
				Base,
			);
			mainGroup = 44BD38E72201BCB6009F48D4;
			productRefGroup = 44BD38F12201BCB6009F48D4 /* Products */;
			projectDirPath = "";
			projectRoot = "";
			targets = (
				44BD38EF2201BCB6009F48D4 /* GeoEarthQuake */,
			);
		};
/* End PBXProject section */

/* Begin PBXResourcesBuildPhase section */
		44BD38EE2201BCB6009F48D4 /* Resources */ = {
			isa = PBXResourcesBuildPhase;
			buildActionMask = 2147483647;
			files = (
				44BD38FE2201BCB8009F48D4 /* LaunchScreen.storyboard in Resources */,
				44BD38FB2201BCB8009F48D4 /* Assets.xcassets in Resources */,
				44BD38F92201BCB6009F48D4 /* Main.storyboard in Resources */,
			);
			runOnlyForDeploymentPostprocessing = 0;
		};
/* End PBXResourcesBuildPhase section */

/* Begin PBXShellScriptBuildPhase section */
		6817D392B7182D099D606DE6 /* [CP] Embed Pods Frameworks */ = {
			isa = PBXShellScriptBuildPhase;
			buildActionMask = 2147483647;
			files = (
			);
			inputFileListPaths = (
			);
			inputPaths = (
				"${SRCROOT}/Pods/Target Support Files/Pods-GeoEarthQuake/Pods-GeoEarthQuake-frameworks.sh",
				"${BUILT_PRODUCTS_DIR}/Alamofire/Alamofire.framework",
				"${BUILT_PRODUCTS_DIR}/CodableGeoJSON/CodableGeoJSON.framework",
				"${BUILT_PRODUCTS_DIR}/CodableJSON/CodableJSON.framework",
				"${BUILT_PRODUCTS_DIR}/SwiftyJSON/SwiftyJSON.framework",
			);
			name = "[CP] Embed Pods Frameworks";
			outputFileListPaths = (
			);
			outputPaths = (
				"${TARGET_BUILD_DIR}/${FRAMEWORKS_FOLDER_PATH}/Alamofire.framework",
				"${TARGET_BUILD_DIR}/${FRAMEWORKS_FOLDER_PATH}/CodableGeoJSON.framework",
				"${TARGET_BUILD_DIR}/${FRAMEWORKS_FOLDER_PATH}/CodableJSON.framework",
				"${TARGET_BUILD_DIR}/${FRAMEWORKS_FOLDER_PATH}/SwiftyJSON.framework",
			);
			runOnlyForDeploymentPostprocessing = 0;
			shellPath = /bin/sh;
			shellScript = "\"${SRCROOT}/Pods/Target Support Files/Pods-GeoEarthQuake/Pods-GeoEarthQuake-frameworks.sh\"\n";
			showEnvVarsInLog = 0;
		};
		CC5A57A8EFC09377AF2B39DF /* [CP] Check Pods Manifest.lock */ = {
			isa = PBXShellScriptBuildPhase;
			buildActionMask = 2147483647;
			files = (
			);
			inputFileListPaths = (
			);
			inputPaths = (
				"${PODS_PODFILE_DIR_PATH}/Podfile.lock",
				"${PODS_ROOT}/Manifest.lock",
			);
			name = "[CP] Check Pods Manifest.lock";
			outputFileListPaths = (
			);
			outputPaths = (
				"$(DERIVED_FILE_DIR)/Pods-GeoEarthQuake-checkManifestLockResult.txt",
			);
			runOnlyForDeploymentPostprocessing = 0;
			shellPath = /bin/sh;
			shellScript = "diff \"${PODS_PODFILE_DIR_PATH}/Podfile.lock\" \"${PODS_ROOT}/Manifest.lock\" > /dev/null\nif [ $? != 0 ] ; then\n    # print error to STDERR\n    echo \"error: The sandbox is not in sync with the Podfile.lock. Run 'pod install' or update your CocoaPods installation.\" >&2\n    exit 1\nfi\n# This output is used by Xcode 'outputs' to avoid re-running this script phase.\necho \"SUCCESS\" > \"${SCRIPT_OUTPUT_FILE_0}\"\n";
			showEnvVarsInLog = 0;
		};
/* End PBXShellScriptBuildPhase section */

/* Begin PBXSourcesBuildPhase section */
		44BD38EC2201BCB6009F48D4 /* Sources */ = {
			isa = PBXSourcesBuildPhase;
			buildActionMask = 2147483647;
			files = (
				44BD38F42201BCB6009F48D4 /* AppDelegate.swift in Sources */,
				44BD39062201BFB1009F48D4 /* ListaTableViewController.swift in Sources */,
				440A9A442201C4E80035F42E /* EarthQuakeTableViewCell.swift in Sources */,
				44BD39082201C154009F48D4 /* InfoEarthQuakeViewController.swift in Sources */,
			);
			runOnlyForDeploymentPostprocessing = 0;
		};
/* End PBXSourcesBuildPhase section */

/* Begin PBXVariantGroup section */
		44BD38F72201BCB6009F48D4 /* Main.storyboard */ = {
			isa = PBXVariantGroup;
			children = (
				44BD38F82201BCB6009F48D4 /* Base */,
			);
			name = Main.storyboard;
			sourceTree = "<group>";
		};
		44BD38FC2201BCB8009F48D4 /* LaunchScreen.storyboard */ = {
			isa = PBXVariantGroup;
			children = (
				44BD38FD2201BCB8009F48D4 /* Base */,
			);
			name = LaunchScreen.storyboard;
			sourceTree = "<group>";
		};
/* End PBXVariantGroup section */

/* Begin XCBuildConfiguration section */
		44BD39002201BCB8009F48D4 /* Debug */ = {
			isa = XCBuildConfiguration;
			buildSettings = {
				ALWAYS_SEARCH_USER_PATHS = NO;
				CLANG_ANALYZER_NONNULL = YES;
				CLANG_ANALYZER_NUMBER_OBJECT_CONVERSION = YES_AGGRESSIVE;
				CLANG_CXX_LANGUAGE_STANDARD = "gnu++14";
				CLANG_CXX_LIBRARY = "libc++";
				CLANG_ENABLE_MODULES = YES;
				CLANG_ENABLE_OBJC_ARC = YES;
				CLANG_ENABLE_OBJC_WEAK = YES;
				CLANG_WARN_BLOCK_CAPTURE_AUTORELEASING = YES;
				CLANG_WARN_BOOL_CONVERSION = YES;
				CLANG_WARN_COMMA = YES;
				CLANG_WARN_CONSTANT_CONVERSION = YES;
				CLANG_WARN_DEPRECATED_OBJC_IMPLEMENTATIONS = YES;
				CLANG_WARN_DIRECT_OBJC_ISA_USAGE = YES_ERROR;
				CLANG_WARN_DOCUMENTATION_COMMENTS = YES;
				CLANG_WARN_EMPTY_BODY = YES;
				CLANG_WARN_ENUM_CONVERSION = YES;
				CLANG_WARN_INFINITE_RECURSION = YES;
				CLANG_WARN_INT_CONVERSION = YES;
				CLANG_WARN_NON_LITERAL_NULL_CONVERSION = YES;
				CLANG_WARN_OBJC_IMPLICIT_RETAIN_SELF = YES;
				CLANG_WARN_OBJC_LITERAL_CONVERSION = YES;
				CLANG_WARN_OBJC_ROOT_CLASS = YES_ERROR;
				CLANG_WARN_RANGE_LOOP_ANALYSIS = YES;
				CLANG_WARN_STRICT_PROTOTYPES = YES;
				CLANG_WARN_SUSPICIOUS_MOVE = YES;
				CLANG_WARN_UNGUARDED_AVAILABILITY = YES_AGGRESSIVE;
				CLANG_WARN_UNREACHABLE_CODE = YES;
				CLANG_WARN__DUPLICATE_METHOD_MATCH = YES;
				CODE_SIGN_IDENTITY = "iPhone Developer";
				COPY_PHASE_STRIP = NO;
				DEBUG_INFORMATION_FORMAT = dwarf;
				ENABLE_STRICT_OBJC_MSGSEND = YES;
				ENABLE_TESTABILITY = YES;
				GCC_C_LANGUAGE_STANDARD = gnu11;
				GCC_DYNAMIC_NO_PIC = NO;
				GCC_NO_COMMON_BLOCKS = YES;
				GCC_OPTIMIZATION_LEVEL = 0;
				GCC_PREPROCESSOR_DEFINITIONS = (
					"DEBUG=1",
					"$(inherited)",
				);
				GCC_WARN_64_TO_32_BIT_CONVERSION = YES;
				GCC_WARN_ABOUT_RETURN_TYPE = YES_ERROR;
				GCC_WARN_UNDECLARED_SELECTOR = YES;
				GCC_WARN_UNINITIALIZED_AUTOS = YES_AGGRESSIVE;
				GCC_WARN_UNUSED_FUNCTION = YES;
				GCC_WARN_UNUSED_VARIABLE = YES;
				IPHONEOS_DEPLOYMENT_TARGET = 12.1;
				MTL_ENABLE_DEBUG_INFO = INCLUDE_SOURCE;
				MTL_FAST_MATH = YES;
				ONLY_ACTIVE_ARCH = YES;
				SDKROOT = iphoneos;
				SWIFT_ACTIVE_COMPILATION_CONDITIONS = DEBUG;
				SWIFT_OPTIMIZATION_LEVEL = "-Onone";
			};
			name = Debug;
		};
		44BD39012201BCB8009F48D4 /* Release */ = {
			isa = XCBuildConfiguration;
			buildSettings = {
				ALWAYS_SEARCH_USER_PATHS = NO;
				CLANG_ANALYZER_NONNULL = YES;
				CLANG_ANALYZER_NUMBER_OBJECT_CONVERSION = YES_AGGRESSIVE;
				CLANG_CXX_LANGUAGE_STANDARD = "gnu++14";
				CLANG_CXX_LIBRARY = "libc++";
				CLANG_ENABLE_MODULES = YES;
				CLANG_ENABLE_OBJC_ARC = YES;
				CLANG_ENABLE_OBJC_WEAK = YES;
				CLANG_WARN_BLOCK_CAPTURE_AUTORELEASING = YES;
				CLANG_WARN_BOOL_CONVERSION = YES;
				CLANG_WARN_COMMA = YES;
				CLANG_WARN_CONSTANT_CONVERSION = YES;
				CLANG_WARN_DEPRECATED_OBJC_IMPLEMENTATIONS = YES;
				CLANG_WARN_DIRECT_OBJC_ISA_USAGE = YES_ERROR;
				CLANG_WARN_DOCUMENTATION_COMMENTS = YES;
				CLANG_WARN_EMPTY_BODY = YES;
				CLANG_WARN_ENUM_CONVERSION = YES;
				CLANG_WARN_INFINITE_RECURSION = YES;
				CLANG_WARN_INT_CONVERSION = YES;
				CLANG_WARN_NON_LITERAL_NULL_CONVERSION = YES;
				CLANG_WARN_OBJC_IMPLICIT_RETAIN_SELF = YES;
				CLANG_WARN_OBJC_LITERAL_CONVERSION = YES;
				CLANG_WARN_OBJC_ROOT_CLASS = YES_ERROR;
				CLANG_WARN_RANGE_LOOP_ANALYSIS = YES;
				CLANG_WARN_STRICT_PROTOTYPES = YES;
				CLANG_WARN_SUSPICIOUS_MOVE = YES;
				CLANG_WARN_UNGUARDED_AVAILABILITY = YES_AGGRESSIVE;
				CLANG_WARN_UNREACHABLE_CODE = YES;
				CLANG_WARN__DUPLICATE_METHOD_MATCH = YES;
				CODE_SIGN_IDENTITY = "iPhone Developer";
				COPY_PHASE_STRIP = NO;
				DEBUG_INFORMATION_FORMAT = "dwarf-with-dsym";
				ENABLE_NS_ASSERTIONS = NO;
				ENABLE_STRICT_OBJC_MSGSEND = YES;
				GCC_C_LANGUAGE_STANDARD = gnu11;
				GCC_NO_COMMON_BLOCKS = YES;
				GCC_WARN_64_TO_32_BIT_CONVERSION = YES;
				GCC_WARN_ABOUT_RETURN_TYPE = YES_ERROR;
				GCC_WARN_UNDECLARED_SELECTOR = YES;
				GCC_WARN_UNINITIALIZED_AUTOS = YES_AGGRESSIVE;
				GCC_WARN_UNUSED_FUNCTION = YES;
				GCC_WARN_UNUSED_VARIABLE = YES;
				IPHONEOS_DEPLOYMENT_TARGET = 12.1;
				MTL_ENABLE_DEBUG_INFO = NO;
				MTL_FAST_MATH = YES;
				SDKROOT = iphoneos;
				SWIFT_COMPILATION_MODE = wholemodule;
				SWIFT_OPTIMIZATION_LEVEL = "-O";
				VALIDATE_PRODUCT = YES;
			};
			name = Release;
		};
		44BD39032201BCB8009F48D4 /* Debug */ = {
			isa = XCBuildConfiguration;
			baseConfigurationReference = B50A1FBB047169A127220C69 /* Pods-GeoEarthQuake.debug.xcconfig */;
			buildSettings = {
				ASSETCATALOG_COMPILER_APPICON_NAME = AppIcon;
				CODE_SIGN_STYLE = Automatic;
				INFOPLIST_FILE = GeoEarthQuake/Info.plist;
				LD_RUNPATH_SEARCH_PATHS = (
					"$(inherited)",
					"@executable_path/Frameworks",
				);
				PRODUCT_BUNDLE_IDENTIFIER = Imejpul.GeoEarthQuake;
				PRODUCT_NAME = "$(TARGET_NAME)";
				SWIFT_VERSION = 4.2;
				TARGETED_DEVICE_FAMILY = "1,2";
			};
			name = Debug;
		};
		44BD39042201BCB8009F48D4 /* Release */ = {
			isa = XCBuildConfiguration;
			baseConfigurationReference = EF62921BA6D1ADAA474FE8C9 /* Pods-GeoEarthQuake.release.xcconfig */;
			buildSettings = {
				ASSETCATALOG_COMPILER_APPICON_NAME = AppIcon;
				CODE_SIGN_STYLE = Automatic;
				INFOPLIST_FILE = GeoEarthQuake/Info.plist;
				LD_RUNPATH_SEARCH_PATHS = (
					"$(inherited)",
					"@executable_path/Frameworks",
				);
				PRODUCT_BUNDLE_IDENTIFIER = Imejpul.GeoEarthQuake;
				PRODUCT_NAME = "$(TARGET_NAME)";
				SWIFT_VERSION = 4.2;
				TARGETED_DEVICE_FAMILY = "1,2";
			};
			name = Release;
		};
/* End XCBuildConfiguration section */

/* Begin XCConfigurationList section */
		44BD38EB2201BCB6009F48D4 /* Build configuration list for PBXProject "GeoEarthQuake" */ = {
			isa = XCConfigurationList;
			buildConfigurations = (
				44BD39002201BCB8009F48D4 /* Debug */,
				44BD39012201BCB8009F48D4 /* Release */,
			);
			defaultConfigurationIsVisible = 0;
			defaultConfigurationName = Release;
		};
		44BD39022201BCB8009F48D4 /* Build configuration list for PBXNativeTarget "GeoEarthQuake" */ = {
			isa = XCConfigurationList;
			buildConfigurations = (
				44BD39032201BCB8009F48D4 /* Debug */,
				44BD39042201BCB8009F48D4 /* Release */,
			);
			defaultConfigurationIsVisible = 0;
			defaultConfigurationName = Release;
		};
/* End XCConfigurationList section */
	};
	rootObject = 44BD38E82201BCB6009F48D4 /* Project object */;
}
